
Microsoft Visual Studio Solution File, Format Version 12.00
# Visual Studio Version 17
VisualStudioVersion = 17.13.35931.197
MinimumVisualStudioVersion = 10.0.40219.1
Project("{FAE04EC0-301F-11D3-BF4B-00C04F79EFBC}") = "Quiz", "Quiz\Quiz.csproj", "{342AD79A-5CC4-4BCB-85D5-2C900DF1DC53}"
EndProject
Project("{FAE04EC0-301F-11D3-BF4B-00C04F79EFBC}") = "QuizLib", "QuizLib\QuizLib.csproj", "{8DA2DEA5-0B82-4FD8-9ACB-044ABC98C883}"
EndProject
Project("{FAE04EC0-301F-11D3-BF4B-00C04F79EFBC}") = "AdminUtility", "AdminUtility\AdminUtility.csproj", "{CBFFE9F4-0CAF-406D-AA44-9010B9536A26}"
EndProject
Global
	GlobalSection(SolutionConfigurationPlatforms) = preSolution
		Debug|Any CPU = Debug|Any CPU
		Release|Any CPU = Release|Any CPU
	EndGlobalSection
	GlobalSection(ProjectConfigurationPlatforms) = postSolution
		{342AD79A-5CC4-4BCB-85D5-2C900DF1DC53}.Debug|Any CPU.ActiveCfg = Debug|Any CPU
		{342AD79A-5CC4-4BCB-85D5-2C900DF1DC53}.Debug|Any CPU.Build.0 = Debug|Any CPU
		{342AD79A-5CC4-4BCB-85D5-2C900DF1DC53}.Release|Any CPU.ActiveCfg = Release|Any CPU
		{342AD79A-5CC4-4BCB-85D5-2C900DF1DC53}.Release|Any CPU.Build.0 = Release|Any CPU
		{8DA2DEA5-0B82-4FD8-9ACB-044ABC98C883}.Debug|Any CPU.ActiveCfg = Debug|Any CPU
		{8DA2DEA5-0B82-4FD8-9ACB-044ABC98C883}.Debug|Any CPU.Build.0 = Debug|Any CPU
		{8DA2DEA5-0B82-4FD8-9ACB-044ABC98C883}.Release|Any CPU.ActiveCfg = Release|Any CPU
		{8DA2DEA5-0B82-4FD8-9ACB-044ABC98C883}.Release|Any CPU.Build.0 = Release|Any CPU
		{CBFFE9F4-0CAF-406D-AA44-9010B9536A26}.Debug|Any CPU.ActiveCfg = Debug|Any CPU
		{CBFFE9F4-0CAF-406D-AA44-9010B9536A26}.Debug|Any CPU.Build.0 = Debug|Any CPU
		{CBFFE9F4-0CAF-406D-AA44-9010B9536A26}.Release|Any CPU.ActiveCfg = Release|Any CPU
		{CBFFE9F4-0CAF-406D-AA44-9010B9536A26}.Release|Any CPU.Build.0 = Release|Any CPU
	EndGlobalSection
	GlobalSection(SolutionProperties) = preSolution
		HideSolutionNode = FALSE
	EndGlobalSection
	GlobalSection(ExtensibilityGlobals) = postSolution
		SolutionGuid = {B0E0F68B-CE8C-43FF-B588-DD967BDD70CD}
	EndGlobalSection
EndGlobal
